<?xml version="1.0" encoding="utf-8"?>
<Project ToolsVersion="4.0" xmlns="http://schemas.microsoft.com/developer/msbuild/2003">
  <ItemGroup>
    <Filter Include="Source Files">
      <UniqueIdentifier>{4FC737F1-C7A5-4376-A066-2A32D752A2FF}</UniqueIdentifier>
      <Extensions>cpp;c;cc;cxx;def;odl;idl;hpj;bat;asm;asmx</Extensions>
    </Filter>
    <Filter Include="Header Files">
      <UniqueIdentifier>{93995380-89BD-4b04-88EB-625FBE52EBFB}</UniqueIdentifier>
      <Extensions>h;hh;hpp;hxx;hm;inl;inc;xsd</Extensions>
    </Filter>
    <Filter Include="Resource Files">
      <UniqueIdentifier>{67DA6AB6-F800-4c08-8B7A-83BB121AAD01}</UniqueIdentifier>
      <Extensions>rc;ico;cur;bmp;dlg;rc2;rct;bin;rgs;gif;jpg;jpeg;jpe;resx;tiff;tif;png;wav;mfcribbon-ms</Extensions>
    </Filter>
  </ItemGroup>
  <ItemGroup>
    <ClCompile Include="asio.cpp">
      <Filter>Source Files</Filter>
    </ClCompile>
    <ClCompile Include="Main.cpp">
      <Filter>Source Files</Filter>
    </ClCompile>
    <ClCompile Include="SyncOneThread.cpp">
      <Filter>Source Files</Filter>
    </ClCompile>
    <ClCompile Include="Sync10Threads.cpp">
      <Filter>Source Files</Filter>
    </ClCompile>
    <ClCompile Include="Async10Threads.cpp">
      <Filter>Source Files</Filter>
    </ClCompile>
    <ClCompile Include="RunningForever.cpp">
      <Filter>Source Files</Filter>
    </ClCompile>
    <ClCompile Include="StayAlive.cpp">
      <Filter>Source Files</Filter>
    </ClCompile>
    <ClCompile Include="Timer1.cpp">
      <Filter>Source Files</Filter>
    </ClCompile>
    <ClCompile Include="Timer2.cpp">
      <Filter>Source Files</Filter>
    </ClCompile>
    <ClCompile Include="Timer3.cpp">
      <Filter>Source Files</Filter>
    </ClCompile>
    <ClCompile Include="Timer4.cpp">
      <Filter>Source Files</Filter>
    </ClCompile>
    <ClCompile Include="Timer5.cpp">
      <Filter>Source Files</Filter>
    </ClCompile>
    <ClCompile Include="Daytime1.cpp">
      <Filter>Source Files</Filter>
    </ClCompile>
    <ClCompile Include="Daytime2.cpp">
      <Filter>Source Files</Filter>
    </ClCompile>
    <ClCompile Include="utils.cpp">
      <Filter>Source Files</Filter>
    </ClCompile>
    <ClCompile Include="Daytime3.cpp">
      <Filter>Source Files</Filter>
    </ClCompile>
    <ClCompile Include="Daytime4.cpp">
      <Filter>Source Files</Filter>
    </ClCompile>
    <ClCompile Include="Daytime5.cpp">
      <Filter>Source Files</Filter>
    </ClCompile>
    <ClCompile Include="Daytime6.cpp">
      <Filter>Source Files</Filter>
    </ClCompile>
    <ClCompile Include="Daytime7.cpp">
      <Filter>Source Files</Filter>
    </ClCompile>
    <ClCompile Include="Testing.cpp">
      <Filter>Source Files</Filter>
    </ClCompile>
  </ItemGroup>
  <ItemGroup>
    <ClInclude Include="asio.h">
      <Filter>Header Files</Filter>
    </ClInclude>
    <ClInclude Include="Timer1.h">
      <Filter>Header Files</Filter>
    </ClInclude>
    <ClInclude Include="Timer2.h">
      <Filter>Header Files</Filter>
    </ClInclude>
    <ClInclude Include="Timer3.h">
      <Filter>Header Files</Filter>
    </ClInclude>
    <ClInclude Include="Timer4.h">
      <Filter>Header Files</Filter>
    </ClInclude>
    <ClInclude Include="Timer5.h">
      <Filter>Header Files</Filter>
    </ClInclude>
    <ClInclude Include="Daytime1.h">
      <Filter>Header Files</Filter>
    </ClInclude>
    <ClInclude Include="Daytime2.h">
      <Filter>Header Files</Filter>
    </ClInclude>
    <ClInclude Include="utils.h">
      <Filter>Header Files</Filter>
    </ClInclude>
    <ClInclude Include="Daytime3.h">
      <Filter>Header Files</Filter>
    </ClInclude>
    <ClInclude Include="Daytime4.h">
      <Filter>Header Files</Filter>
    </ClInclude>
    <ClInclude Include="Daytime5.h">
      <Filter>Header Files</Filter>
    </ClInclude>
    <ClInclude Include="Daytime6.h">
      <Filter>Header Files</Filter>
    </ClInclude>
    <ClInclude Include="Daytime7.h">
      <Filter>Header Files</Filter>
    </ClInclude>
    <ClInclude Include="Testing.h">
      <Filter>Header Files</Filter>
    </ClInclude>
  </ItemGroup>
</Project>